
Microsoft Visual Studio Solution File, Format Version 12.00
# Visual Studio Version 17
VisualStudioVersion = 17.11.35312.102
MinimumVisualStudioVersion = 10.0.40219.1
Project("{FAE04EC0-301F-11D3-BF4B-00C04F79EFBC}") = "Insurance_Management_System", "Insurance_Management_System\Insurance_Management_System.csproj", "{5845AA0B-595E-4057-89C1-25CFBC0194FC}"
EndProject
Global
	GlobalSection(SolutionConfigurationPlatforms) = preSolution
		Debug|Any CPU = Debug|Any CPU
		Release|Any CPU = Release|Any CPU
	EndGlobalSection
	GlobalSection(ProjectConfigurationPlatforms) = postSolution
		{5845AA0B-595E-4057-89C1-25CFBC0194FC}.Debug|Any CPU.ActiveCfg = Debug|Any CPU
		{5845AA0B-595E-4057-89C1-25CFBC0194FC}.Debug|Any CPU.Build.0 = Debug|Any CPU
		{5845AA0B-595E-4057-89C1-25CFBC0194FC}.Release|Any CPU.ActiveCfg = Release|Any CPU
		{5845AA0B-595E-4057-89C1-25CFBC0194FC}.Release|Any CPU.Build.0 = Release|Any CPU
	EndGlobalSection
	GlobalSection(SolutionProperties) = preSolution
		HideSolutionNode = FALSE
	EndGlobalSection
	GlobalSection(ExtensibilityGlobals) = postSolution
		SolutionGuid = {ADA7E5AA-DEBF-4442-A519-54BC5DD38AE1}
	EndGlobalSection
EndGlobal
