
Microsoft Visual Studio Solution File, Format Version 12.00
# Visual Studio Version 17
VisualStudioVersion = 17.11.35312.102
MinimumVisualStudioVersion = 10.0.40219.1
Project("{FAE04EC0-301F-11D3-BF4B-00C04F79EFBC}") = "Banking_system", "Banking_system\Banking_system.csproj", "{0A7BB8F1-2011-478D-839F-AFD1F3767753}"
EndProject
Global
	GlobalSection(SolutionConfigurationPlatforms) = preSolution
		Debug|Any CPU = Debug|Any CPU
		Release|Any CPU = Release|Any CPU
	EndGlobalSection
	GlobalSection(ProjectConfigurationPlatforms) = postSolution
		{0A7BB8F1-2011-478D-839F-AFD1F3767753}.Debug|Any CPU.ActiveCfg = Debug|Any CPU
		{0A7BB8F1-2011-478D-839F-AFD1F3767753}.Debug|Any CPU.Build.0 = Debug|Any CPU
		{0A7BB8F1-2011-478D-839F-AFD1F3767753}.Release|Any CPU.ActiveCfg = Release|Any CPU
		{0A7BB8F1-2011-478D-839F-AFD1F3767753}.Release|Any CPU.Build.0 = Release|Any CPU
	EndGlobalSection
	GlobalSection(SolutionProperties) = preSolution
		HideSolutionNode = FALSE
	EndGlobalSection
	GlobalSection(ExtensibilityGlobals) = postSolution
		SolutionGuid = {63CE1040-98FA-4B32-AC95-35DE0B320316}
	EndGlobalSection
EndGlobal
